<Solution>
  <Folder Name="/src/">
    <Project Path="src/APITemplate/Api/APITemplate.Api.csproj" />
  </Folder>
  <Folder Name="/src/Modules/">
    <Project Path="src/Modules/BackgroundJobs/BackgroundJobs.csproj" />
    <Project Path="src/Modules/Chatting/Chatting.csproj" />
    <Project Path="src/Modules/FileStorage/FileStorage.csproj" />
    <Project Path="src/Modules/Identity/Identity.csproj" />
    <Project Path="src/Modules/Notifications/Notifications.csproj" />
    <Project Path="src/Modules/ProductCatalog/ProductCatalog.csproj" />
    <Project Path="src/Modules/Reviews/Reviews.csproj" />
    <Project Path="src/Modules/Webhooks/Webhooks.csproj" />
  </Folder>
  <Folder Name="/src/">
    <Project Path="src/SharedKernel/SharedKernel.csproj" />
  </Folder>
  <Folder Name="/tests/">
    <Project Path="tests/APITemplate.Tests/APITemplate.Tests.csproj" />
  </Folder>
  <Folder Name="/docs/">
    <File Path="docs/README.md" />
  </Folder>
  <Folder Name="/infrastructure/">
    <File Path="infrastructure/dragonfly/haproxy.cfg" />
    <File Path="infrastructure/keycloak/realms/api-template-realm.json" />
    <File Path="infrastructure/kubernetes/dragonfly/dragonfly.yml" />
    <File Path="infrastructure/kubernetes/dragonfly/README.md" />
    <File Path="infrastructure/observability/alloy/config.alloy" />
    <File Path="infrastructure/observability/grafana/dashboards/apitemplate-overview.json" />
    <File Path="infrastructure/observability/grafana/grafana.ini" />
    <File Path="infrastructure/observability/grafana/provisioning/dashboards/dashboards.yml" />
    <File Path="infrastructure/observability/grafana/provisioning/datasources/datasources.yml" />
    <File Path="infrastructure/observability/loki/config.yml" />
    <File Path="infrastructure/observability/prometheus/prometheus.yml" />
    <File Path="infrastructure/observability/prometheus/rules/apitemplate-alerts.yml" />
    <File Path="infrastructure/observability/tempo/config.yml" />
  </Folder>
  <Folder Name="/Solution Items/">
    <File Path="README.md" />
    <File Path="CLAUDE.md" />
    <File Path="TODO.md" />
    <File Path="Directory.Build.targets" />
    <File Path="Directory.Packages.props" />
    <File Path="docker-compose.yml" />
    <File Path="docker-compose.production.yml" />
    <File Path=".dockerignore" />
  </Folder>
</Solution>
